
Microsoft Visual Studio Solution File, Format Version 12.00
# Visual Studio 15
VisualStudioVersion = 15.0.28307.329
MinimumVisualStudioVersion = 10.0.40219.1
Project("{FAE04EC0-301F-11D3-BF4B-00C04F79EFBC}") = "ChatMessenger.PresentationLayer", "ChatMessenger.PresentationLayer\ChatMessenger.PresentationLayer.csproj", "{09FDBA92-4223-49FD-BE08-D0C2FC4539B5}"
EndProject
Global
	GlobalSection(SolutionConfigurationPlatforms) = preSolution
		Debug|Any CPU = Debug|Any CPU
		Release|Any CPU = Release|Any CPU
	EndGlobalSection
	GlobalSection(ProjectConfigurationPlatforms) = postSolution
		{09FDBA92-4223-49FD-BE08-D0C2FC4539B5}.Debug|Any CPU.ActiveCfg = Debug|Any CPU
		{09FDBA92-4223-49FD-BE08-D0C2FC4539B5}.Debug|Any CPU.Build.0 = Debug|Any CPU
		{09FDBA92-4223-49FD-BE08-D0C2FC4539B5}.Release|Any CPU.ActiveCfg = Release|Any CPU
		{09FDBA92-4223-49FD-BE08-D0C2FC4539B5}.Release|Any CPU.Build.0 = Release|Any CPU
	EndGlobalSection
	GlobalSection(SolutionProperties) = preSolution
		HideSolutionNode = FALSE
	EndGlobalSection
	GlobalSection(ExtensibilityGlobals) = postSolution
		SolutionGuid = {577CFC71-FC20-4F16-A56E-96FBA6A55AA8}
	EndGlobalSection
EndGlobal
